// !$*UTF8*$!
{
	archiveVersion = 1;
	classes = {
	};
	objectVersion = 50;
	objects = {

/* Begin PBXGroup section */
		BD53A23C26F1C1AD0000E23E = {
			isa = PBXGroup;
			children = (
			);
			sourceTree = "<group>";
		};
/* End PBXGroup section */

/* Begin PBXProject section */
		BD53A23D26F1C1AD0000E23E /* Project object */ = {
			isa = PBXProject;
			attributes = {
				LastUpgradeCheck = 1250;
			};
			buildConfigurationList = BD53A24026F1C1AD0000E23E /* Build configuration list for PBXProject "Gas Station App" */;
			compatibilityVersion = "Xcode 9.3";
			developmentRegion = en;
			hasScannedForEncodings = 0;
			knownRegions = (
				en,
				Base,
			);
			mainGroup = BD53A23C26F1C1AD0000E23E;
			projectDirPath = "";
			projectRoot = "";
			targets = (
			);
		};
/* End PBXProject section */

/* Begin XCBuildConfiguration section */
		BD53A24126F1C1AD0000E23E /* Debug */ = {
			isa = XCBuildConfiguration;
			buildSettings = {
			};
			name = Debug;
		};
		BD53A24226F1C1AD0000E23E /* Release */ = {
			isa = XCBuildConfiguration;
			buildSettings = {
			};
			name = Release;
		};
/* End XCBuildConfiguration section */

/* Begin XCConfigurationList section */
		BD53A24026F1C1AD0000E23E /* Build configuration list for PBXProject "Gas Station App" */ = {
			isa = XCConfigurationList;
			buildConfigurations = (
				BD53A24126F1C1AD0000E23E /* Debug */,
				BD53A24226F1C1AD0000E23E /* Release */,
			);
			defaultConfigurationIsVisible = 0;
			defaultConfigurationName = Release;
		};
/* End XCConfigurationList section */
	};
	rootObject = BD53A23D26F1C1AD0000E23E /* Project object */;
}
